
Microsoft Visual Studio Solution File, Format Version 12.00
# Visual Studio 15
VisualStudioVersion = 15.0.28010.2036
MinimumVisualStudioVersion = 10.0.40219.1
Project("{FAE04EC0-301F-11D3-BF4B-00C04F79EFBC}") = "MyFirstWebsite", "MyFirstWebsite\MyFirstWebsite.csproj", "{37AA53F8-89E8-4D47-9A22-B62531D1BB0E}"
EndProject
Global
	GlobalSection(SolutionConfigurationPlatforms) = preSolution
		Debug|Any CPU = Debug|Any CPU
		Release|Any CPU = Release|Any CPU
	EndGlobalSection
	GlobalSection(ProjectConfigurationPlatforms) = postSolution
		{37AA53F8-89E8-4D47-9A22-B62531D1BB0E}.Debug|Any CPU.ActiveCfg = Debug|Any CPU
		{37AA53F8-89E8-4D47-9A22-B62531D1BB0E}.Debug|Any CPU.Build.0 = Debug|Any CPU
		{37AA53F8-89E8-4D47-9A22-B62531D1BB0E}.Release|Any CPU.ActiveCfg = Release|Any CPU
		{37AA53F8-89E8-4D47-9A22-B62531D1BB0E}.Release|Any CPU.Build.0 = Release|Any CPU
	EndGlobalSection
	GlobalSection(SolutionProperties) = preSolution
		HideSolutionNode = FALSE
	EndGlobalSection
	GlobalSection(ExtensibilityGlobals) = postSolution
		SolutionGuid = {DE59B4BB-35BB-43C6-BE66-427895FEAF15}
	EndGlobalSection
EndGlobal
